PODS:
  - AFNetworking (3.1.0):
    - AFNetworking/NSURLSession (= 3.1.0)
    - AFNetworking/Reachability (= 3.1.0)
    - AFNetworking/Security (= 3.1.0)
    - AFNetworking/Serialization (= 3.1.0)
    - AFNetworking/UIKit (= 3.1.0)
  - AFNetworking/NSURLSession (3.1.0):
    - AFNetworking/Reachability
    - AFNetworking/Security
    - AFNetworking/Serialization
  - AFNetworking/Reachability (3.1.0)
  - AFNetworking/Security (3.1.0)
  - AFNetworking/Serialization (3.1.0)
  - AFNetworking/UIKit (3.1.0):
    - AFNetworking/NSURLSession
  - Masonry (1.1.0)
  - MBProgressHUD (1.0.0)
  - MJRefresh (3.1.15)
  - SAMKeychain (1.5.3)
  - SDWebImage (4.2.1):
    - SDWebImage/Core (= 4.2.1)
  - SDWebImage/Core (4.2.1)
  - YYKit (1.0.9):
    - YYKit/no-arc (= 1.0.9)
  - YYKit/no-arc (1.0.9)

DEPENDENCIES:
  - AFNetworking (~> 3.1.0)
  - Masonry (~> 1.1.0)
  - MBProgressHUD (~> 1.0.0)
  - MJRefresh (~> 3.1.15)
  - SAMKeychain (~> 1.5.3)
  - SDWebImage (~> 4.2.1)
  - YYKit (~> 1.0.9)

SPEC CHECKSUMS:
  AFNetworking: 5e0e199f73d8626b11e79750991f5d173d1f8b67
  Masonry: 678fab65091a9290e40e2832a55e7ab731aad201
  MBProgressHUD: 4890f671c94e8a0f3cf959aa731e9de2f036d71a
  MJRefresh: 9af70f5f9327a2cf87f0fb5929f35fcc2fa638ea
  SAMKeychain: 483e1c9f32984d50ca961e26818a534283b4cd5c
  SDWebImage: 1fa4c9edf525b744f002db89f3f5a38b3cd4c541
  YYKit: 7cda43304a8dc3696c449041e2cb3107b4e236e7

PODFILE CHECKSUM: 57159e6096128a5dd361f1148f568f110b8bc104

COCOAPODS: 1.3.1
